
Microsoft Visual Studio Solution File, Format Version 12.00
# Visual Studio Version 16
VisualStudioVersion = 16.0.29025.244
MinimumVisualStudioVersion = 10.0.40219.1
Project("{FAE04EC0-301F-11D3-BF4B-00C04F79EFBC}") = "HelloWorld", "HelloWorld.csproj", "{CD7B589F-1ADC-4593-91B2-FAEE37E4474A}"
EndProject
Global
	GlobalSection(SolutionConfigurationPlatforms) = preSolution
		Debug|ARM = Debug|ARM
		Debug|ARM64 = Debug|ARM64
		Debug|x64 = Debug|x64
		Debug|x86 = Debug|x86
		Release|ARM = Release|ARM
		Release|ARM64 = Release|ARM64
		Release|x64 = Release|x64
		Release|x86 = Release|x86
	EndGlobalSection
	GlobalSection(ProjectConfigurationPlatforms) = postSolution
		{CD7B589F-1ADC-4593-91B2-FAEE37E4474A}.Debug|ARM.ActiveCfg = Debug|ARM
		{CD7B589F-1ADC-4593-91B2-FAEE37E4474A}.Debug|ARM.Build.0 = Debug|ARM
		{CD7B589F-1ADC-4593-91B2-FAEE37E4474A}.Debug|ARM.Deploy.0 = Debug|ARM
		{CD7B589F-1ADC-4593-91B2-FAEE37E4474A}.Debug|ARM64.ActiveCfg = Debug|ARM64
		{CD7B589F-1ADC-4593-91B2-FAEE37E4474A}.Debug|ARM64.Build.0 = Debug|ARM64
		{CD7B589F-1ADC-4593-91B2-FAEE37E4474A}.Debug|ARM64.Deploy.0 = Debug|ARM64
		{CD7B589F-1ADC-4593-91B2-FAEE37E4474A}.Debug|x64.ActiveCfg = Debug|x64
		{CD7B589F-1ADC-4593-91B2-FAEE37E4474A}.Debug|x64.Build.0 = Debug|x64
		{CD7B589F-1ADC-4593-91B2-FAEE37E4474A}.Debug|x64.Deploy.0 = Debug|x64
		{CD7B589F-1ADC-4593-91B2-FAEE37E4474A}.Debug|x86.ActiveCfg = Debug|x86
		{CD7B589F-1ADC-4593-91B2-FAEE37E4474A}.Debug|x86.Build.0 = Debug|x86
		{CD7B589F-1ADC-4593-91B2-FAEE37E4474A}.Debug|x86.Deploy.0 = Debug|x86
		{CD7B589F-1ADC-4593-91B2-FAEE37E4474A}.Release|ARM.ActiveCfg = Release|ARM
		{CD7B589F-1ADC-4593-91B2-FAEE37E4474A}.Release|ARM.Build.0 = Release|ARM
		{CD7B589F-1ADC-4593-91B2-FAEE37E4474A}.Release|ARM.Deploy.0 = Release|ARM
		{CD7B589F-1ADC-4593-91B2-FAEE37E4474A}.Release|ARM64.ActiveCfg = Release|ARM64
		{CD7B589F-1ADC-4593-91B2-FAEE37E4474A}.Release|ARM64.Build.0 = Release|ARM64
		{CD7B589F-1ADC-4593-91B2-FAEE37E4474A}.Release|ARM64.Deploy.0 = Release|ARM64
		{CD7B589F-1ADC-4593-91B2-FAEE37E4474A}.Release|x64.ActiveCfg = Release|x64
		{CD7B589F-1ADC-4593-91B2-FAEE37E4474A}.Release|x64.Build.0 = Release|x64
		{CD7B589F-1ADC-4593-91B2-FAEE37E4474A}.Release|x64.Deploy.0 = Release|x64
		{CD7B589F-1ADC-4593-91B2-FAEE37E4474A}.Release|x86.ActiveCfg = Release|x86
		{CD7B589F-1ADC-4593-91B2-FAEE37E4474A}.Release|x86.Build.0 = Release|x86
		{CD7B589F-1ADC-4593-91B2-FAEE37E4474A}.Release|x86.Deploy.0 = Release|x86
	EndGlobalSection
	GlobalSection(SolutionProperties) = preSolution
		HideSolutionNode = FALSE
	EndGlobalSection
	GlobalSection(ExtensibilityGlobals) = postSolution
		SolutionGuid = {2F4238F2-8464-4E77-A108-B77032108846}
	EndGlobalSection
EndGlobal
